
Microsoft Visual Studio Solution File, Format Version 12.00
# Visual Studio Version 17
VisualStudioVersion = 17.4.33213.308
MinimumVisualStudioVersion = 10.0.40219.1
Project("{9A19103F-16F7-4668-BE54-9A1E7A4F7556}") = "M2MDI", "DemoRazorPage\M2MDI.csproj", "{937AB29E-CEE3-4659-AB25-EBB0A4B9754D}"
EndProject
Project("{FAE04EC0-301F-11D3-BF4B-00C04F79EFBC}") = "DIFromScratchEnd", "DIFromScratchEnd\DIFromScratchEnd.csproj", "{A43CF51A-D17E-4AD7-AE15-376BA2128F97}"
EndProject
Project("{FAE04EC0-301F-11D3-BF4B-00C04F79EFBC}") = "DIFromScratchStart", "DIFromScratchStart\DIFromScratchStart.csproj", "{B349456D-1464-48CD-AC92-7E517146513E}"
EndProject
Project("{FAE04EC0-301F-11D3-BF4B-00C04F79EFBC}") = "DILifecycle", "DILifecycle\DILifecycle.csproj", "{7CEE1869-F05C-4FED-A851-B836853600F5}"
EndProject
Global
	GlobalSection(SolutionConfigurationPlatforms) = preSolution
		Debug|Any CPU = Debug|Any CPU
		Release|Any CPU = Release|Any CPU
	EndGlobalSection
	GlobalSection(ProjectConfigurationPlatforms) = postSolution
		{937AB29E-CEE3-4659-AB25-EBB0A4B9754D}.Debug|Any CPU.ActiveCfg = Debug|Any CPU
		{937AB29E-CEE3-4659-AB25-EBB0A4B9754D}.Debug|Any CPU.Build.0 = Debug|Any CPU
		{937AB29E-CEE3-4659-AB25-EBB0A4B9754D}.Release|Any CPU.ActiveCfg = Release|Any CPU
		{937AB29E-CEE3-4659-AB25-EBB0A4B9754D}.Release|Any CPU.Build.0 = Release|Any CPU
		{A43CF51A-D17E-4AD7-AE15-376BA2128F97}.Debug|Any CPU.ActiveCfg = Debug|Any CPU
		{A43CF51A-D17E-4AD7-AE15-376BA2128F97}.Debug|Any CPU.Build.0 = Debug|Any CPU
		{A43CF51A-D17E-4AD7-AE15-376BA2128F97}.Release|Any CPU.ActiveCfg = Release|Any CPU
		{A43CF51A-D17E-4AD7-AE15-376BA2128F97}.Release|Any CPU.Build.0 = Release|Any CPU
		{B349456D-1464-48CD-AC92-7E517146513E}.Debug|Any CPU.ActiveCfg = Debug|Any CPU
		{B349456D-1464-48CD-AC92-7E517146513E}.Debug|Any CPU.Build.0 = Debug|Any CPU
		{B349456D-1464-48CD-AC92-7E517146513E}.Release|Any CPU.ActiveCfg = Release|Any CPU
		{B349456D-1464-48CD-AC92-7E517146513E}.Release|Any CPU.Build.0 = Release|Any CPU
		{7CEE1869-F05C-4FED-A851-B836853600F5}.Debug|Any CPU.ActiveCfg = Debug|Any CPU
		{7CEE1869-F05C-4FED-A851-B836853600F5}.Debug|Any CPU.Build.0 = Debug|Any CPU
		{7CEE1869-F05C-4FED-A851-B836853600F5}.Release|Any CPU.ActiveCfg = Release|Any CPU
		{7CEE1869-F05C-4FED-A851-B836853600F5}.Release|Any CPU.Build.0 = Release|Any CPU
	EndGlobalSection
	GlobalSection(SolutionProperties) = preSolution
		HideSolutionNode = FALSE
	EndGlobalSection
	GlobalSection(ExtensibilityGlobals) = postSolution
		SolutionGuid = {C700177F-8FAD-47B3-BD20-ACE3308934FC}
	EndGlobalSection
EndGlobal
